
Microsoft Visual Studio Solution File, Format Version 12.00
# Visual Studio Version 16
VisualStudioVersion = 16.0.31911.196
MinimumVisualStudioVersion = 10.0.40219.1
Project("{9A19103F-16F7-4668-BE54-9A1E7A4F7556}") = "GoDUENoLootLimit", "GoDUENoLootLimit.csproj", "{2EBD4BDA-DC5F-4993-83D5-02476A998360}"
EndProject
Global
	GlobalSection(SolutionConfigurationPlatforms) = preSolution
		Debug|Any CPU = Debug|Any CPU
		Release|Any CPU = Release|Any CPU
	EndGlobalSection
	GlobalSection(ProjectConfigurationPlatforms) = postSolution
		{2EBD4BDA-DC5F-4993-83D5-02476A998360}.Debug|Any CPU.ActiveCfg = Debug|Any CPU
		{2EBD4BDA-DC5F-4993-83D5-02476A998360}.Debug|Any CPU.Build.0 = Debug|Any CPU
		{2EBD4BDA-DC5F-4993-83D5-02476A998360}.Release|Any CPU.ActiveCfg = Release|Any CPU
		{2EBD4BDA-DC5F-4993-83D5-02476A998360}.Release|Any CPU.Build.0 = Release|Any CPU
	EndGlobalSection
	GlobalSection(SolutionProperties) = preSolution
		HideSolutionNode = FALSE
	EndGlobalSection
	GlobalSection(ExtensibilityGlobals) = postSolution
		SolutionGuid = {8D039F71-B229-4F50-A4CD-FCC83BB61949}
	EndGlobalSection
EndGlobal
